// !$*UTF8*$!
{
	archiveVersion = 1;
	classes = {
	};
	objectVersion = 46;
	objects = {

/* Begin PBXBuildFile section */
		64131072194F41B60023B844 /* BTNAppController.m in Sources */ = {isa = PBXBuildFile; fileRef = 64131071194F41B60023B844 /* BTNAppController.m */; };
		64131074194F42EF0023B844 /* MainMenu.xib in Resources */ = {isa = PBXBuildFile; fileRef = 64131073194F42EF0023B844 /* MainMenu.xib */; };
		6413108C194F80A80023B844 /* NSImage+Additions.m in Sources */ = {isa = PBXBuildFile; fileRef = 6413108B194F80A80023B844 /* NSImage+Additions.m */; };
		6413108E194F87110023B844 /* connstatus_connecting.png in Resources */ = {isa = PBXBuildFile; fileRef = 6413108D194F87110023B844 /* connstatus_connecting.png */; };
		64131091194F87920023B844 /* connstatus_connected.png in Resources */ = {isa = PBXBuildFile; fileRef = 6413108F194F87920023B844 /* connstatus_connected.png */; };
		64131092194F87920023B844 /* connstatus_disconnected.png in Resources */ = {isa = PBXBuildFile; fileRef = 64131090194F87920023B844 /* connstatus_disconnected.png */; };
		64131099194FBEA60023B844 /* BTNApplication.m in Sources */ = {isa = PBXBuildFile; fileRef = 64131098194FBEA60023B844 /* BTNApplication.m */; };
		6413109B195086250023B844 /* ApplicationItemView.xib in Resources */ = {isa = PBXBuildFile; fileRef = 6413109A195086250023B844 /* ApplicationItemView.xib */; };
		6413109F1950866B0023B844 /* BTNApplicationItemView.m in Sources */ = {isa = PBXBuildFile; fileRef = 6413109E1950866B0023B844 /* BTNApplicationItemView.m */; };
		641310A119508AB30023B844 /* checkmark@2x.png in Resources */ = {isa = PBXBuildFile; fileRef = 641310A019508AB30023B844 /* checkmark@2x.png */; };
		641310A519509BB20023B844 /* BTNCache.m in Sources */ = {isa = PBXBuildFile; fileRef = 641310A419509BB20023B844 /* BTNCache.m */; };
		641310AA1950B8D80023B844 /* MenuItemView.xib in Resources */ = {isa = PBXBuildFile; fileRef = 641310A91950B8D80023B844 /* MenuItemView.xib */; };
		641310AD1950B9340023B844 /* BTNMenuItemView.m in Sources */ = {isa = PBXBuildFile; fileRef = 641310AC1950B9340023B844 /* BTNMenuItemView.m */; };
		641310B01950BB290023B844 /* BTNActionHelper.m in Sources */ = {isa = PBXBuildFile; fileRef = 641310AF1950BB290023B844 /* BTNActionHelper.m */; };
		641310B21950BE5F0023B844 /* ExecuteScriptView.xib in Resources */ = {isa = PBXBuildFile; fileRef = 641310B11950BE5F0023B844 /* ExecuteScriptView.xib */; };
		641310B51950BEBC0023B844 /* BTNExecuteScriptView.m in Sources */ = {isa = PBXBuildFile; fileRef = 641310B41950BEBC0023B844 /* BTNExecuteScriptView.m */; };
		641310B81950C7200023B844 /* BTNScript.m in Sources */ = {isa = PBXBuildFile; fileRef = 641310B71950C7200023B844 /* BTNScript.m */; };
		641310C01950D6850023B844 /* appicon-512.png in Resources */ = {isa = PBXBuildFile; fileRef = 641310BF1950D6850023B844 /* appicon-512.png */; };
		641310C31950D81A0023B844 /* appicon-1024.png in Resources */ = {isa = PBXBuildFile; fileRef = 641310C21950D81A0023B844 /* appicon-1024.png */; };
		641310C51950DB190023B844 /* appicon-256.png in Resources */ = {isa = PBXBuildFile; fileRef = 641310C41950DB190023B844 /* appicon-256.png */; };
		641310C71950DB3E0023B844 /* appicon-128.png in Resources */ = {isa = PBXBuildFile; fileRef = 641310C61950DB3E0023B844 /* appicon-128.png */; };
		641310C91950DB620023B844 /* appicon-64.png in Resources */ = {isa = PBXBuildFile; fileRef = 641310C81950DB620023B844 /* appicon-64.png */; };
		641310CB1950DB790023B844 /* appicon-32.png in Resources */ = {isa = PBXBuildFile; fileRef = 641310CA1950DB790023B844 /* appicon-32.png */; };
		641310CD1950DB940023B844 /* appicon-16.png in Resources */ = {isa = PBXBuildFile; fileRef = 641310CC1950DB940023B844 /* appicon-16.png */; };
		641310CF1950DBBA0023B844 /* OpenURLView.xib in Resources */ = {isa = PBXBuildFile; fileRef = 641310CE1950DBBA0023B844 /* OpenURLView.xib */; };
		641310D21950DBEE0023B844 /* BTNOpenURLView.m in Sources */ = {isa = PBXBuildFile; fileRef = 641310D11950DBEE0023B844 /* BTNOpenURLView.m */; };
		641310D81950E3B80023B844 /* NSTextFieldCell+VerticalAlign.m in Sources */ = {isa = PBXBuildFile; fileRef = 641310D71950E3B80023B844 /* NSTextFieldCell+VerticalAlign.m */; };
		641310DA1950E4700023B844 /* delete-icon.png in Resources */ = {isa = PBXBuildFile; fileRef = 641310D91950E4700023B844 /* delete-icon.png */; };
		641310DC1950E49F0023B844 /* delete-icon@2x.png in Resources */ = {isa = PBXBuildFile; fileRef = 641310DB1950E49F0023B844 /* delete-icon@2x.png */; };
		641310DE1951D9A50023B844 /* checkmark.png in Resources */ = {isa = PBXBuildFile; fileRef = 641310DD1951D9A50023B844 /* checkmark.png */; };
		64169E2A194E609300C1F0A1 /* Cocoa.framework in Frameworks */ = {isa = PBXBuildFile; fileRef = 64169E29194E609300C1F0A1 /* Cocoa.framework */; };
		64169E34194E609300C1F0A1 /* InfoPlist.strings in Resources */ = {isa = PBXBuildFile; fileRef = 64169E32194E609300C1F0A1 /* InfoPlist.strings */; };
		64169E36194E609300C1F0A1 /* main.m in Sources */ = {isa = PBXBuildFile; fileRef = 64169E35194E609300C1F0A1 /* main.m */; };
		64169E3D194E609300C1F0A1 /* BTNAppDelegate.m in Sources */ = {isa = PBXBuildFile; fileRef = 64169E3C194E609300C1F0A1 /* BTNAppDelegate.m */; };
		64169E42194E609300C1F0A1 /* Images.xcassets in Resources */ = {isa = PBXBuildFile; fileRef = 64169E41194E609300C1F0A1 /* Images.xcassets */; };
		64169E49194E609300C1F0A1 /* XCTest.framework in Frameworks */ = {isa = PBXBuildFile; fileRef = 64169E48194E609300C1F0A1 /* XCTest.framework */; };
		64169E4A194E609300C1F0A1 /* Cocoa.framework in Frameworks */ = {isa = PBXBuildFile; fileRef = 64169E29194E609300C1F0A1 /* Cocoa.framework */; };
		64169E62194E614800C1F0A1 /* ORSSerialPort.m in Sources */ = {isa = PBXBuildFile; fileRef = 64169E5F194E614800C1F0A1 /* ORSSerialPort.m */; };
		64169E63194E614800C1F0A1 /* ORSSerialPortManager.m in Sources */ = {isa = PBXBuildFile; fileRef = 64169E61194E614800C1F0A1 /* ORSSerialPortManager.m */; };
		64169E66194E616100C1F0A1 /* BTNGateway.m in Sources */ = {isa = PBXBuildFile; fileRef = 64169E65194E616100C1F0A1 /* BTNGateway.m */; };
/* End PBXBuildFile section */

/* Begin PBXContainerItemProxy section */
		64169E4B194E609300C1F0A1 /* PBXContainerItemProxy */ = {
			isa = PBXContainerItemProxy;
			containerPortal = 64169E1E194E609300C1F0A1 /* Project object */;
			proxyType = 1;
			remoteGlobalIDString = 64169E25194E609300C1F0A1;
			remoteInfo = btn;
		};
/* End PBXContainerItemProxy section */

/* Begin PBXFileReference section */
		64131070194F41B60023B844 /* BTNAppController.h */ = {isa = PBXFileReference; fileEncoding = 4; lastKnownFileType = sourcecode.c.h; path = BTNAppController.h; sourceTree = "<group>"; };
		64131071194F41B60023B844 /* BTNAppController.m */ = {isa = PBXFileReference; fileEncoding = 4; lastKnownFileType = sourcecode.c.objc; path = BTNAppController.m; sourceTree = "<group>"; };
		64131073194F42EF0023B844 /* MainMenu.xib */ = {isa = PBXFileReference; fileEncoding = 4; lastKnownFileType = file.xib; path = MainMenu.xib; sourceTree = "<group>"; };
		6413108A194F80A80023B844 /* NSImage+Additions.h */ = {isa = PBXFileReference; fileEncoding = 4; lastKnownFileType = sourcecode.c.h; path = "NSImage+Additions.h"; sourceTree = "<group>"; };
		6413108B194F80A80023B844 /* NSImage+Additions.m */ = {isa = PBXFileReference; fileEncoding = 4; lastKnownFileType = sourcecode.c.objc; path = "NSImage+Additions.m"; sourceTree = "<group>"; };
		6413108D194F87110023B844 /* connstatus_connecting.png */ = {isa = PBXFileReference; lastKnownFileType = image.png; name = connstatus_connecting.png; path = btn/connstatus_connecting.png; sourceTree = "<group>"; };
		6413108F194F87920023B844 /* connstatus_connected.png */ = {isa = PBXFileReference; lastKnownFileType = image.png; name = connstatus_connected.png; path = btn/connstatus_connected.png; sourceTree = "<group>"; };
		64131090194F87920023B844 /* connstatus_disconnected.png */ = {isa = PBXFileReference; lastKnownFileType = image.png; name = connstatus_disconnected.png; path = btn/connstatus_disconnected.png; sourceTree = "<group>"; };
		64131097194FBEA60023B844 /* BTNApplication.h */ = {isa = PBXFileReference; fileEncoding = 4; lastKnownFileType = sourcecode.c.h; path = BTNApplication.h; sourceTree = "<group>"; };
		64131098194FBEA60023B844 /* BTNApplication.m */ = {isa = PBXFileReference; fileEncoding = 4; lastKnownFileType = sourcecode.c.objc; path = BTNApplication.m; sourceTree = "<group>"; };
		6413109A195086250023B844 /* ApplicationItemView.xib */ = {isa = PBXFileReference; fileEncoding = 4; lastKnownFileType = file.xib; path = ApplicationItemView.xib; sourceTree = "<group>"; };
		6413109D1950866B0023B844 /* BTNApplicationItemView.h */ = {isa = PBXFileReference; fileEncoding = 4; lastKnownFileType = sourcecode.c.h; path = BTNApplicationItemView.h; sourceTree = "<group>"; };
		6413109E1950866B0023B844 /* BTNApplicationItemView.m */ = {isa = PBXFileReference; fileEncoding = 4; lastKnownFileType = sourcecode.c.objc; path = BTNApplicationItemView.m; sourceTree = "<group>"; };
		641310A019508AB30023B844 /* checkmark@2x.png */ = {isa = PBXFileReference; lastKnownFileType = image.png; name = "checkmark@2x.png"; path = "btn/checkmark@2x.png"; sourceTree = "<group>"; };
		641310A319509BB20023B844 /* BTNCache.h */ = {isa = PBXFileReference; fileEncoding = 4; lastKnownFileType = sourcecode.c.h; path = BTNCache.h; sourceTree = "<group>"; };
		641310A419509BB20023B844 /* BTNCache.m */ = {isa = PBXFileReference; fileEncoding = 4; lastKnownFileType = sourcecode.c.objc; path = BTNCache.m; sourceTree = "<group>"; };
		641310A61950B4E40023B844 /* BTNAction.h */ = {isa = PBXFileReference; fileEncoding = 4; lastKnownFileType = sourcecode.c.h; path = BTNAction.h; sourceTree = "<group>"; };
		641310A91950B8D80023B844 /* MenuItemView.xib */ = {isa = PBXFileReference; fileEncoding = 4; lastKnownFileType = file.xib; path = MenuItemView.xib; sourceTree = "<group>"; };
		641310AB1950B9340023B844 /* BTNMenuItemView.h */ = {isa = PBXFileReference; fileEncoding = 4; lastKnownFileType = sourcecode.c.h; path = BTNMenuItemView.h; sourceTree = "<group>"; };
		641310AC1950B9340023B844 /* BTNMenuItemView.m */ = {isa = PBXFileReference; fileEncoding = 4; lastKnownFileType = sourcecode.c.objc; path = BTNMenuItemView.m; sourceTree = "<group>"; };
		641310AE1950BB290023B844 /* BTNActionHelper.h */ = {isa = PBXFileReference; fileEncoding = 4; lastKnownFileType = sourcecode.c.h; path = BTNActionHelper.h; sourceTree = "<group>"; };
		641310AF1950BB290023B844 /* BTNActionHelper.m */ = {isa = PBXFileReference; fileEncoding = 4; lastKnownFileType = sourcecode.c.objc; path = BTNActionHelper.m; sourceTree = "<group>"; };
		641310B11950BE5F0023B844 /* ExecuteScriptView.xib */ = {isa = PBXFileReference; fileEncoding = 4; lastKnownFileType = file.xib; path = ExecuteScriptView.xib; sourceTree = "<group>"; };
		641310B31950BEBC0023B844 /* BTNExecuteScriptView.h */ = {isa = PBXFileReference; fileEncoding = 4; lastKnownFileType = sourcecode.c.h; path = BTNExecuteScriptView.h; sourceTree = "<group>"; };
		641310B41950BEBC0023B844 /* BTNExecuteScriptView.m */ = {isa = PBXFileReference; fileEncoding = 4; lastKnownFileType = sourcecode.c.objc; path = BTNExecuteScriptView.m; sourceTree = "<group>"; };
		641310B61950C7200023B844 /* BTNScript.h */ = {isa = PBXFileReference; fileEncoding = 4; lastKnownFileType = sourcecode.c.h; path = BTNScript.h; sourceTree = "<group>"; };
		641310B71950C7200023B844 /* BTNScript.m */ = {isa = PBXFileReference; fileEncoding = 4; lastKnownFileType = sourcecode.c.objc; path = BTNScript.m; sourceTree = "<group>"; };
		641310BF1950D6850023B844 /* appicon-512.png */ = {isa = PBXFileReference; lastKnownFileType = image.png; path = "appicon-512.png"; sourceTree = "<group>"; };
		641310C21950D81A0023B844 /* appicon-1024.png */ = {isa = PBXFileReference; lastKnownFileType = image.png; path = "appicon-1024.png"; sourceTree = "<group>"; };
		641310C41950DB190023B844 /* appicon-256.png */ = {isa = PBXFileReference; lastKnownFileType = image.png; path = "appicon-256.png"; sourceTree = "<group>"; };
		641310C61950DB3E0023B844 /* appicon-128.png */ = {isa = PBXFileReference; lastKnownFileType = image.png; path = "appicon-128.png"; sourceTree = "<group>"; };
		641310C81950DB620023B844 /* appicon-64.png */ = {isa = PBXFileReference; lastKnownFileType = image.png; path = "appicon-64.png"; sourceTree = "<group>"; };
		641310CA1950DB790023B844 /* appicon-32.png */ = {isa = PBXFileReference; lastKnownFileType = image.png; path = "appicon-32.png"; sourceTree = "<group>"; };
		641310CC1950DB940023B844 /* appicon-16.png */ = {isa = PBXFileReference; lastKnownFileType = image.png; path = "appicon-16.png"; sourceTree = "<group>"; };
		641310CE1950DBBA0023B844 /* OpenURLView.xib */ = {isa = PBXFileReference; fileEncoding = 4; lastKnownFileType = file.xib; path = OpenURLView.xib; sourceTree = "<group>"; };
		641310D01950DBEE0023B844 /* BTNOpenURLView.h */ = {isa = PBXFileReference; fileEncoding = 4; lastKnownFileType = sourcecode.c.h; path = BTNOpenURLView.h; sourceTree = "<group>"; };
		641310D11950DBEE0023B844 /* BTNOpenURLView.m */ = {isa = PBXFileReference; fileEncoding = 4; lastKnownFileType = sourcecode.c.objc; path = BTNOpenURLView.m; sourceTree = "<group>"; };
		641310D61950E3B80023B844 /* NSTextFieldCell+VerticalAlign.h */ = {isa = PBXFileReference; fileEncoding = 4; lastKnownFileType = sourcecode.c.h; path = "NSTextFieldCell+VerticalAlign.h"; sourceTree = "<group>"; };
		641310D71950E3B80023B844 /* NSTextFieldCell+VerticalAlign.m */ = {isa = PBXFileReference; fileEncoding = 4; lastKnownFileType = sourcecode.c.objc; path = "NSTextFieldCell+VerticalAlign.m"; sourceTree = "<group>"; };
		641310D91950E4700023B844 /* delete-icon.png */ = {isa = PBXFileReference; lastKnownFileType = image.png; name = "delete-icon.png"; path = "btn/delete-icon.png"; sourceTree = "<group>"; };
		641310DB1950E49F0023B844 /* delete-icon@2x.png */ = {isa = PBXFileReference; lastKnownFileType = image.png; name = "delete-icon@2x.png"; path = "btn/delete-icon@2x.png"; sourceTree = "<group>"; };
		641310DD1951D9A50023B844 /* checkmark.png */ = {isa = PBXFileReference; lastKnownFileType = image.png; name = checkmark.png; path = btn/checkmark.png; sourceTree = "<group>"; };
		64169E26194E609300C1F0A1 /* btn.app */ = {isa = PBXFileReference; explicitFileType = wrapper.application; includeInIndex = 0; path = btn.app; sourceTree = BUILT_PRODUCTS_DIR; };
		64169E29194E609300C1F0A1 /* Cocoa.framework */ = {isa = PBXFileReference; lastKnownFileType = wrapper.framework; name = Cocoa.framework; path = System/Library/Frameworks/Cocoa.framework; sourceTree = SDKROOT; };
		64169E2C194E609300C1F0A1 /* AppKit.framework */ = {isa = PBXFileReference; lastKnownFileType = wrapper.framework; name = AppKit.framework; path = System/Library/Frameworks/AppKit.framework; sourceTree = SDKROOT; };
		64169E2D194E609300C1F0A1 /* CoreData.framework */ = {isa = PBXFileReference; lastKnownFileType = wrapper.framework; name = CoreData.framework; path = System/Library/Frameworks/CoreData.framework; sourceTree = SDKROOT; };
		64169E2E194E609300C1F0A1 /* Foundation.framework */ = {isa = PBXFileReference; lastKnownFileType = wrapper.framework; name = Foundation.framework; path = System/Library/Frameworks/Foundation.framework; sourceTree = SDKROOT; };
		64169E31194E609300C1F0A1 /* btn-Info.plist */ = {isa = PBXFileReference; lastKnownFileType = text.plist.xml; path = "btn-Info.plist"; sourceTree = "<group>"; };
		64169E33194E609300C1F0A1 /* en */ = {isa = PBXFileReference; lastKnownFileType = text.plist.strings; name = en; path = en.lproj/InfoPlist.strings; sourceTree = "<group>"; };
		64169E35194E609300C1F0A1 /* main.m */ = {isa = PBXFileReference; lastKnownFileType = sourcecode.c.objc; path = main.m; sourceTree = "<group>"; };
		64169E37194E609300C1F0A1 /* btn-Prefix.pch */ = {isa = PBXFileReference; lastKnownFileType = sourcecode.c.h; path = "btn-Prefix.pch"; sourceTree = "<group>"; };
		64169E3B194E609300C1F0A1 /* BTNAppDelegate.h */ = {isa = PBXFileReference; lastKnownFileType = sourcecode.c.h; path = BTNAppDelegate.h; sourceTree = "<group>"; };
		64169E3C194E609300C1F0A1 /* BTNAppDelegate.m */ = {isa = PBXFileReference; lastKnownFileType = sourcecode.c.objc; path = BTNAppDelegate.m; sourceTree = "<group>"; };
		64169E41194E609300C1F0A1 /* Images.xcassets */ = {isa = PBXFileReference; lastKnownFileType = folder.assetcatalog; path = Images.xcassets; sourceTree = "<group>"; };
		64169E47194E609300C1F0A1 /* btnTests.xctest */ = {isa = PBXFileReference; explicitFileType = wrapper.cfbundle; includeInIndex = 0; path = btnTests.xctest; sourceTree = BUILT_PRODUCTS_DIR; };
		64169E48194E609300C1F0A1 /* XCTest.framework */ = {isa = PBXFileReference; lastKnownFileType = wrapper.framework; name = XCTest.framework; path = Library/Frameworks/XCTest.framework; sourceTree = DEVELOPER_DIR; };
		64169E5E194E614800C1F0A1 /* ORSSerialPort.h */ = {isa = PBXFileReference; fileEncoding = 4; lastKnownFileType = sourcecode.c.h; name = ORSSerialPort.h; path = btn/ORSSerialPort/ORSSerialPort.h; sourceTree = "<group>"; };
		64169E5F194E614800C1F0A1 /* ORSSerialPort.m */ = {isa = PBXFileReference; fileEncoding = 4; lastKnownFileType = sourcecode.c.objc; name = ORSSerialPort.m; path = btn/ORSSerialPort/ORSSerialPort.m; sourceTree = "<group>"; };
		64169E60194E614800C1F0A1 /* ORSSerialPortManager.h */ = {isa = PBXFileReference; fileEncoding = 4; lastKnownFileType = sourcecode.c.h; name = ORSSerialPortManager.h; path = btn/ORSSerialPort/ORSSerialPortManager.h; sourceTree = "<group>"; };
		64169E61194E614800C1F0A1 /* ORSSerialPortManager.m */ = {isa = PBXFileReference; fileEncoding = 4; lastKnownFileType = sourcecode.c.objc; name = ORSSerialPortManager.m; path = btn/ORSSerialPort/ORSSerialPortManager.m; sourceTree = "<group>"; };
		64169E64194E616100C1F0A1 /* BTNGateway.h */ = {isa = PBXFileReference; fileEncoding = 4; lastKnownFileType = sourcecode.c.h; path = BTNGateway.h; sourceTree = "<group>"; };
		64169E65194E616100C1F0A1 /* BTNGateway.m */ = {isa = PBXFileReference; fileEncoding = 4; lastKnownFileType = sourcecode.c.objc; path = BTNGateway.m; sourceTree = "<group>"; };
/* End PBXFileReference section */

/* Begin PBXFrameworksBuildPhase section */
		64169E23194E609300C1F0A1 /* Frameworks */ = {
			isa = PBXFrameworksBuildPhase;
			buildActionMask = 2147483647;
			files = (
				64169E2A194E609300C1F0A1 /* Cocoa.framework in Frameworks */,
			);
			runOnlyForDeploymentPostprocessing = 0;
		};
		64169E44194E609300C1F0A1 /* Frameworks */ = {
			isa = PBXFrameworksBuildPhase;
			buildActionMask = 2147483647;
			files = (
				64169E4A194E609300C1F0A1 /* Cocoa.framework in Frameworks */,
				64169E49194E609300C1F0A1 /* XCTest.framework in Frameworks */,
			);
			runOnlyForDeploymentPostprocessing = 0;
		};
/* End PBXFrameworksBuildPhase section */

/* Begin PBXGroup section */
		64131087194F7FFE0023B844 /* Assets */ = {
			isa = PBXGroup;
			children = (
				641310C11950D8100023B844 /* AppIcon */,
				641310A019508AB30023B844 /* checkmark@2x.png */,
				641310DD1951D9A50023B844 /* checkmark.png */,
				6413108F194F87920023B844 /* connstatus_connected.png */,
				641310D91950E4700023B844 /* delete-icon.png */,
				641310DB1950E49F0023B844 /* delete-icon@2x.png */,
				64131090194F87920023B844 /* connstatus_disconnected.png */,
				6413108D194F87110023B844 /* connstatus_connecting.png */,
			);
			name = Assets;
			sourceTree = "<group>";
		};
		64131096194FBE8A0023B844 /* Entity */ = {
			isa = PBXGroup;
			children = (
				64131097194FBEA60023B844 /* BTNApplication.h */,
				64131098194FBEA60023B844 /* BTNApplication.m */,
				641310A61950B4E40023B844 /* BTNAction.h */,
				641310AE1950BB290023B844 /* BTNActionHelper.h */,
				641310AF1950BB290023B844 /* BTNActionHelper.m */,
				641310B61950C7200023B844 /* BTNScript.h */,
				641310B71950C7200023B844 /* BTNScript.m */,
			);
			name = Entity;
			sourceTree = "<group>";
		};
		6413109C195086510023B844 /* View */ = {
			isa = PBXGroup;
			children = (
				64131073194F42EF0023B844 /* MainMenu.xib */,
				6413109A195086250023B844 /* ApplicationItemView.xib */,
				6413109D1950866B0023B844 /* BTNApplicationItemView.h */,
				6413109E1950866B0023B844 /* BTNApplicationItemView.m */,
				641310A91950B8D80023B844 /* MenuItemView.xib */,
				641310AB1950B9340023B844 /* BTNMenuItemView.h */,
				641310AC1950B9340023B844 /* BTNMenuItemView.m */,
				641310B11950BE5F0023B844 /* ExecuteScriptView.xib */,
				641310B31950BEBC0023B844 /* BTNExecuteScriptView.h */,
				641310B41950BEBC0023B844 /* BTNExecuteScriptView.m */,
				641310CE1950DBBA0023B844 /* OpenURLView.xib */,
				641310D01950DBEE0023B844 /* BTNOpenURLView.h */,
				641310D11950DBEE0023B844 /* BTNOpenURLView.m */,
			);
			name = View;
			sourceTree = "<group>";
		};
		641310A219509BA20023B844 /* Cache */ = {
			isa = PBXGroup;
			children = (
				641310A319509BB20023B844 /* BTNCache.h */,
				641310A419509BB20023B844 /* BTNCache.m */,
			);
			name = Cache;
			sourceTree = "<group>";
		};
		641310C11950D8100023B844 /* AppIcon */ = {
			isa = PBXGroup;
			children = (
				641310CC1950DB940023B844 /* appicon-16.png */,
				641310CA1950DB790023B844 /* appicon-32.png */,
				641310C81950DB620023B844 /* appicon-64.png */,
				641310C61950DB3E0023B844 /* appicon-128.png */,
				641310C41950DB190023B844 /* appicon-256.png */,
				641310C21950D81A0023B844 /* appicon-1024.png */,
				641310BF1950D6850023B844 /* appicon-512.png */,
			);
			name = AppIcon;
			sourceTree = "<group>";
		};
		64169E1D194E609300C1F0A1 = {
			isa = PBXGroup;
			children = (
				64131087194F7FFE0023B844 /* Assets */,
				64169E2F194E609300C1F0A1 /* Source */,
				64169E28194E609300C1F0A1 /* Frameworks */,
				64169E27194E609300C1F0A1 /* Products */,
			);
			sourceTree = "<group>";
		};
		64169E27194E609300C1F0A1 /* Products */ = {
			isa = PBXGroup;
			children = (
				64169E26194E609300C1F0A1 /* btn.app */,
				64169E47194E609300C1F0A1 /* btnTests.xctest */,
			);
			name = Products;
			sourceTree = "<group>";
		};
		64169E28194E609300C1F0A1 /* Frameworks */ = {
			isa = PBXGroup;
			children = (
				64169E5D194E60F600C1F0A1 /* ORSSerialPort */,
				64169E29194E609300C1F0A1 /* Cocoa.framework */,
				64169E48194E609300C1F0A1 /* XCTest.framework */,
				64169E2B194E609300C1F0A1 /* Other Frameworks */,
			);
			name = Frameworks;
			sourceTree = "<group>";
		};
		64169E2B194E609300C1F0A1 /* Other Frameworks */ = {
			isa = PBXGroup;
			children = (
				64169E2C194E609300C1F0A1 /* AppKit.framework */,
				64169E2D194E609300C1F0A1 /* CoreData.framework */,
				64169E2E194E609300C1F0A1 /* Foundation.framework */,
			);
			name = "Other Frameworks";
			sourceTree = "<group>";
		};
		64169E2F194E609300C1F0A1 /* Source */ = {
			isa = PBXGroup;
			children = (
				641310A219509BA20023B844 /* Cache */,
				6413109C195086510023B844 /* View */,
				64131096194FBE8A0023B844 /* Entity */,
				64169E3B194E609300C1F0A1 /* BTNAppDelegate.h */,
				64169E3C194E609300C1F0A1 /* BTNAppDelegate.m */,
				64131070194F41B60023B844 /* BTNAppController.h */,
				64131071194F41B60023B844 /* BTNAppController.m */,
				64169E64194E616100C1F0A1 /* BTNGateway.h */,
				64169E65194E616100C1F0A1 /* BTNGateway.m */,
				64169E41194E609300C1F0A1 /* Images.xcassets */,
				64169E30194E609300C1F0A1 /* Supporting Files */,
			);
			name = Source;
			path = btn;
			sourceTree = "<group>";
		};
		64169E30194E609300C1F0A1 /* Supporting Files */ = {
			isa = PBXGroup;
			children = (
				6413108A194F80A80023B844 /* NSImage+Additions.h */,
				6413108B194F80A80023B844 /* NSImage+Additions.m */,
				64169E31194E609300C1F0A1 /* btn-Info.plist */,
				64169E32194E609300C1F0A1 /* InfoPlist.strings */,
				64169E35194E609300C1F0A1 /* main.m */,
				64169E37194E609300C1F0A1 /* btn-Prefix.pch */,
				641310D61950E3B80023B844 /* NSTextFieldCell+VerticalAlign.h */,
				641310D71950E3B80023B844 /* NSTextFieldCell+VerticalAlign.m */,
			);
			name = "Supporting Files";
			sourceTree = "<group>";
		};
		64169E5D194E60F600C1F0A1 /* ORSSerialPort */ = {
			isa = PBXGroup;
			children = (
				64169E5E194E614800C1F0A1 /* ORSSerialPort.h */,
				64169E5F194E614800C1F0A1 /* ORSSerialPort.m */,
				64169E60194E614800C1F0A1 /* ORSSerialPortManager.h */,
				64169E61194E614800C1F0A1 /* ORSSerialPortManager.m */,
			);
			name = ORSSerialPort;
			sourceTree = "<group>";
		};
/* End PBXGroup section */

/* Begin PBXNativeTarget section */
		64169E25194E609300C1F0A1 /* btn */ = {
			isa = PBXNativeTarget;
			buildConfigurationList = 64169E57194E609300C1F0A1 /* Build configuration list for PBXNativeTarget "btn" */;
			buildPhases = (
				64169E22194E609300C1F0A1 /* Sources */,
				64169E23194E609300C1F0A1 /* Frameworks */,
				64169E24194E609300C1F0A1 /* Resources */,
			);
			buildRules = (
			);
			dependencies = (
			);
			name = btn;
			productName = btn;
			productReference = 64169E26194E609300C1F0A1 /* btn.app */;
			productType = "com.apple.product-type.application";
		};
		64169E46194E609300C1F0A1 /* btnTests */ = {
			isa = PBXNativeTarget;
			buildConfigurationList = 64169E5A194E609300C1F0A1 /* Build configuration list for PBXNativeTarget "btnTests" */;
			buildPhases = (
				64169E43194E609300C1F0A1 /* Sources */,
				64169E44194E609300C1F0A1 /* Frameworks */,
				64169E45194E609300C1F0A1 /* Resources */,
			);
			buildRules = (
			);
			dependencies = (
				64169E4C194E609300C1F0A1 /* PBXTargetDependency */,
			);
			name = btnTests;
			productName = btnTests;
			productReference = 64169E47194E609300C1F0A1 /* btnTests.xctest */;
			productType = "com.apple.product-type.bundle.unit-test";
		};
/* End PBXNativeTarget section */

/* Begin PBXProject section */
		64169E1E194E609300C1F0A1 /* Project object */ = {
			isa = PBXProject;
			attributes = {
				CLASSPREFIX = BTN;
				LastUpgradeCheck = 0510;
				ORGANIZATIONNAME = "Kyle W. Banks";
				TargetAttributes = {
					64169E46194E609300C1F0A1 = {
						TestTargetID = 64169E25194E609300C1F0A1;
					};
				};
			};
			buildConfigurationList = 64169E21194E609300C1F0A1 /* Build configuration list for PBXProject "btn" */;
			compatibilityVersion = "Xcode 3.2";
			developmentRegion = English;
			hasScannedForEncodings = 0;
			knownRegions = (
				en,
				Base,
			);
			mainGroup = 64169E1D194E609300C1F0A1;
			productRefGroup = 64169E27194E609300C1F0A1 /* Products */;
			projectDirPath = "";
			projectRoot = "";
			targets = (
				64169E25194E609300C1F0A1 /* btn */,
				64169E46194E609300C1F0A1 /* btnTests */,
			);
		};
/* End PBXProject section */

/* Begin PBXResourcesBuildPhase section */
		64169E24194E609300C1F0A1 /* Resources */ = {
			isa = PBXResourcesBuildPhase;
			buildActionMask = 2147483647;
			files = (
				641310DC1950E49F0023B844 /* delete-icon@2x.png in Resources */,
				64131092194F87920023B844 /* connstatus_disconnected.png in Resources */,
				64169E34194E609300C1F0A1 /* InfoPlist.strings in Resources */,
				641310C51950DB190023B844 /* appicon-256.png in Resources */,
				641310C01950D6850023B844 /* appicon-512.png in Resources */,
				641310C91950DB620023B844 /* appicon-64.png in Resources */,
				641310C71950DB3E0023B844 /* appicon-128.png in Resources */,
				6413109B195086250023B844 /* ApplicationItemView.xib in Resources */,
				6413108E194F87110023B844 /* connstatus_connecting.png in Resources */,
				64169E42194E609300C1F0A1 /* Images.xcassets in Resources */,
				641310C31950D81A0023B844 /* appicon-1024.png in Resources */,
				641310CF1950DBBA0023B844 /* OpenURLView.xib in Resources */,
				641310AA1950B8D80023B844 /* MenuItemView.xib in Resources */,
				64131091194F87920023B844 /* connstatus_connected.png in Resources */,
				641310B21950BE5F0023B844 /* ExecuteScriptView.xib in Resources */,
				641310CD1950DB940023B844 /* appicon-16.png in Resources */,
				641310CB1950DB790023B844 /* appicon-32.png in Resources */,
				641310DE1951D9A50023B844 /* checkmark.png in Resources */,
				641310DA1950E4700023B844 /* delete-icon.png in Resources */,
				64131074194F42EF0023B844 /* MainMenu.xib in Resources */,
				641310A119508AB30023B844 /* checkmark@2x.png in Resources */,
			);
			runOnlyForDeploymentPostprocessing = 0;
		};
		64169E45194E609300C1F0A1 /* Resources */ = {
			isa = PBXResourcesBuildPhase;
			buildActionMask = 2147483647;
			files = (
			);
			runOnlyForDeploymentPostprocessing = 0;
		};
/* End PBXResourcesBuildPhase section */

/* Begin PBXSourcesBuildPhase section */
		64169E22194E609300C1F0A1 /* Sources */ = {
			isa = PBXSourcesBuildPhase;
			buildActionMask = 2147483647;
			files = (
				64131072194F41B60023B844 /* BTNAppController.m in Sources */,
				641310AD1950B9340023B844 /* BTNMenuItemView.m in Sources */,
				6413109F1950866B0023B844 /* BTNApplicationItemView.m in Sources */,
				64169E66194E616100C1F0A1 /* BTNGateway.m in Sources */,
				641310D81950E3B80023B844 /* NSTextFieldCell+VerticalAlign.m in Sources */,
				641310B51950BEBC0023B844 /* BTNExecuteScriptView.m in Sources */,
				641310B81950C7200023B844 /* BTNScript.m in Sources */,
				64169E62194E614800C1F0A1 /* ORSSerialPort.m in Sources */,
				64131099194FBEA60023B844 /* BTNApplication.m in Sources */,
				641310B01950BB290023B844 /* BTNActionHelper.m in Sources */,
				6413108C194F80A80023B844 /* NSImage+Additions.m in Sources */,
				641310D21950DBEE0023B844 /* BTNOpenURLView.m in Sources */,
				64169E63194E614800C1F0A1 /* ORSSerialPortManager.m in Sources */,
				641310A519509BB20023B844 /* BTNCache.m in Sources */,
				64169E36194E609300C1F0A1 /* main.m in Sources */,
				64169E3D194E609300C1F0A1 /* BTNAppDelegate.m in Sources */,
			);
			runOnlyForDeploymentPostprocessing = 0;
		};
		64169E43194E609300C1F0A1 /* Sources */ = {
			isa = PBXSourcesBuildPhase;
			buildActionMask = 2147483647;
			files = (
			);
			runOnlyForDeploymentPostprocessing = 0;
		};
/* End PBXSourcesBuildPhase section */

/* Begin PBXTargetDependency section */
		64169E4C194E609300C1F0A1 /* PBXTargetDependency */ = {
			isa = PBXTargetDependency;
			target = 64169E25194E609300C1F0A1 /* btn */;
			targetProxy = 64169E4B194E609300C1F0A1 /* PBXContainerItemProxy */;
		};
/* End PBXTargetDependency section */

/* Begin PBXVariantGroup section */
		64169E32194E609300C1F0A1 /* InfoPlist.strings */ = {
			isa = PBXVariantGroup;
			children = (
				64169E33194E609300C1F0A1 /* en */,
			);
			name = InfoPlist.strings;
			sourceTree = "<group>";
		};
/* End PBXVariantGroup section */

/* Begin XCBuildConfiguration section */
		64169E55194E609300C1F0A1 /* Debug */ = {
			isa = XCBuildConfiguration;
			buildSettings = {
				ALWAYS_SEARCH_USER_PATHS = NO;
				CLANG_CXX_LANGUAGE_STANDARD = "gnu++0x";
				CLANG_CXX_LIBRARY = "libc++";
				CLANG_ENABLE_MODULES = YES;
				CLANG_ENABLE_OBJC_ARC = YES;
				CLANG_WARN_BOOL_CONVERSION = YES;
				CLANG_WARN_CONSTANT_CONVERSION = YES;
				CLANG_WARN_DIRECT_OBJC_ISA_USAGE = YES_ERROR;
				CLANG_WARN_EMPTY_BODY = YES;
				CLANG_WARN_ENUM_CONVERSION = YES;
				CLANG_WARN_INT_CONVERSION = YES;
				CLANG_WARN_OBJC_ROOT_CLASS = YES_ERROR;
				CLANG_WARN__DUPLICATE_METHOD_MATCH = YES;
				COPY_PHASE_STRIP = NO;
				GCC_C_LANGUAGE_STANDARD = gnu99;
				GCC_DYNAMIC_NO_PIC = NO;
				GCC_ENABLE_OBJC_EXCEPTIONS = YES;
				GCC_OPTIMIZATION_LEVEL = 0;
				GCC_PREPROCESSOR_DEFINITIONS = (
					"DEBUG=1",
					"$(inherited)",
				);
				GCC_SYMBOLS_PRIVATE_EXTERN = NO;
				GCC_WARN_64_TO_32_BIT_CONVERSION = YES;
				GCC_WARN_ABOUT_RETURN_TYPE = YES_ERROR;
				GCC_WARN_UNDECLARED_SELECTOR = YES;
				GCC_WARN_UNINITIALIZED_AUTOS = YES_AGGRESSIVE;
				GCC_WARN_UNUSED_FUNCTION = YES;
				GCC_WARN_UNUSED_VARIABLE = YES;
				MACOSX_DEPLOYMENT_TARGET = 10.9;
				ONLY_ACTIVE_ARCH = YES;
				SDKROOT = macosx;
			};
			name = Debug;
		};
		64169E56194E609300C1F0A1 /* Release */ = {
			isa = XCBuildConfiguration;
			buildSettings = {
				ALWAYS_SEARCH_USER_PATHS = NO;
				CLANG_CXX_LANGUAGE_STANDARD = "gnu++0x";
				CLANG_CXX_LIBRARY = "libc++";
				CLANG_ENABLE_MODULES = YES;
				CLANG_ENABLE_OBJC_ARC = YES;
				CLANG_WARN_BOOL_CONVERSION = YES;
				CLANG_WARN_CONSTANT_CONVERSION = YES;
				CLANG_WARN_DIRECT_OBJC_ISA_USAGE = YES_ERROR;
				CLANG_WARN_EMPTY_BODY = YES;
				CLANG_WARN_ENUM_CONVERSION = YES;
				CLANG_WARN_INT_CONVERSION = YES;
				CLANG_WARN_OBJC_ROOT_CLASS = YES_ERROR;
				CLANG_WARN__DUPLICATE_METHOD_MATCH = YES;
				COPY_PHASE_STRIP = YES;
				DEBUG_INFORMATION_FORMAT = "dwarf-with-dsym";
				ENABLE_NS_ASSERTIONS = NO;
				GCC_C_LANGUAGE_STANDARD = gnu99;
				GCC_ENABLE_OBJC_EXCEPTIONS = YES;
				GCC_WARN_64_TO_32_BIT_CONVERSION = YES;
				GCC_WARN_ABOUT_RETURN_TYPE = YES_ERROR;
				GCC_WARN_UNDECLARED_SELECTOR = YES;
				GCC_WARN_UNINITIALIZED_AUTOS = YES_AGGRESSIVE;
				GCC_WARN_UNUSED_FUNCTION = YES;
				GCC_WARN_UNUSED_VARIABLE = YES;
				MACOSX_DEPLOYMENT_TARGET = 10.9;
				SDKROOT = macosx;
			};
			name = Release;
		};
		64169E58194E609300C1F0A1 /* Debug */ = {
			isa = XCBuildConfiguration;
			buildSettings = {
				ASSETCATALOG_COMPILER_APPICON_NAME = AppIcon;
				COMBINE_HIDPI_IMAGES = YES;
				GCC_PRECOMPILE_PREFIX_HEADER = YES;
				GCC_PREFIX_HEADER = "btn/btn-Prefix.pch";
				INFOPLIST_FILE = "btn/btn-Info.plist";
				PRODUCT_NAME = "$(TARGET_NAME)";
				WRAPPER_EXTENSION = app;
			};
			name = Debug;
		};
		64169E59194E609300C1F0A1 /* Release */ = {
			isa = XCBuildConfiguration;
			buildSettings = {
				ASSETCATALOG_COMPILER_APPICON_NAME = AppIcon;
				COMBINE_HIDPI_IMAGES = YES;
				GCC_PRECOMPILE_PREFIX_HEADER = YES;
				GCC_PREFIX_HEADER = "btn/btn-Prefix.pch";
				INFOPLIST_FILE = "btn/btn-Info.plist";
				PRODUCT_NAME = "$(TARGET_NAME)";
				WRAPPER_EXTENSION = app;
			};
			name = Release;
		};
		64169E5B194E609300C1F0A1 /* Debug */ = {
			isa = XCBuildConfiguration;
			buildSettings = {
				BUNDLE_LOADER = "$(BUILT_PRODUCTS_DIR)/btn.app/Contents/MacOS/btn";
				COMBINE_HIDPI_IMAGES = YES;
				FRAMEWORK_SEARCH_PATHS = (
					"$(DEVELOPER_FRAMEWORKS_DIR)",
					"$(inherited)",
				);
				GCC_PRECOMPILE_PREFIX_HEADER = YES;
				GCC_PREFIX_HEADER = "btn/btn-Prefix.pch";
				GCC_PREPROCESSOR_DEFINITIONS = (
					"DEBUG=1",
					"$(inherited)",
				);
				INFOPLIST_FILE = "btnTests/btnTests-Info.plist";
				PRODUCT_NAME = "$(TARGET_NAME)";
				TEST_HOST = "$(BUNDLE_LOADER)";
				WRAPPER_EXTENSION = xctest;
			};
			name = Debug;
		};
		64169E5C194E609300C1F0A1 /* Release */ = {
			isa = XCBuildConfiguration;
			buildSettings = {
				BUNDLE_LOADER = "$(BUILT_PRODUCTS_DIR)/btn.app/Contents/MacOS/btn";
				COMBINE_HIDPI_IMAGES = YES;
				FRAMEWORK_SEARCH_PATHS = (
					"$(DEVELOPER_FRAMEWORKS_DIR)",
					"$(inherited)",
				);
				GCC_PRECOMPILE_PREFIX_HEADER = YES;
				GCC_PREFIX_HEADER = "btn/btn-Prefix.pch";
				INFOPLIST_FILE = "btnTests/btnTests-Info.plist";
				PRODUCT_NAME = "$(TARGET_NAME)";
				TEST_HOST = "$(BUNDLE_LOADER)";
				WRAPPER_EXTENSION = xctest;
			};
			name = Release;
		};
/* End XCBuildConfiguration section */

/* Begin XCConfigurationList section */
		64169E21194E609300C1F0A1 /* Build configuration list for PBXProject "btn" */ = {
			isa = XCConfigurationList;
			buildConfigurations = (
				64169E55194E609300C1F0A1 /* Debug */,
				64169E56194E609300C1F0A1 /* Release */,
			);
			defaultConfigurationIsVisible = 0;
			defaultConfigurationName = Release;
		};
		64169E57194E609300C1F0A1 /* Build configuration list for PBXNativeTarget "btn" */ = {
			isa = XCConfigurationList;
			buildConfigurations = (
				64169E58194E609300C1F0A1 /* Debug */,
				64169E59194E609300C1F0A1 /* Release */,
			);
			defaultConfigurationIsVisible = 0;
			defaultConfigurationName = Release;
		};
		64169E5A194E609300C1F0A1 /* Build configuration list for PBXNativeTarget "btnTests" */ = {
			isa = XCConfigurationList;
			buildConfigurations = (
				64169E5B194E609300C1F0A1 /* Debug */,
				64169E5C194E609300C1F0A1 /* Release */,
			);
			defaultConfigurationIsVisible = 0;
			defaultConfigurationName = Release;
		};
/* End XCConfigurationList section */
	};
	rootObject = 64169E1E194E609300C1F0A1 /* Project object */;
}
